
Microsoft Visual Studio Solution File, Format Version 12.00
# Visual Studio Version 16
VisualStudioVersion = 16.0.29920.165
MinimumVisualStudioVersion = 10.0.40219.1
Project("{FAE04EC0-301F-11D3-BF4B-00C04F79EFBC}") = "WeExtract", "WeExtract\WeExtract.csproj", "{30B6788C-A4B3-4E4A-B73F-4C96E36CE4F7}"
EndProject
Project("{54435603-DBB4-11D2-8724-00A0C9A8B90C}") = "SetUp_WeExtract", "SetUp_WeExtract\SetUp_WeExtract.vdproj", "{E4033101-18B3-4BDF-9758-96C03874C529}"
EndProject
Global
	GlobalSection(SolutionConfigurationPlatforms) = preSolution
		Debug|Any CPU = Debug|Any CPU
		Debug|ARM = Debug|ARM
		Debug|ARM64 = Debug|ARM64
		Debug|x64 = Debug|x64
		Debug|x86 = Debug|x86
		Release|Any CPU = Release|Any CPU
		Release|ARM = Release|ARM
		Release|ARM64 = Release|ARM64
		Release|x64 = Release|x64
		Release|x86 = Release|x86
	EndGlobalSection
	GlobalSection(ProjectConfigurationPlatforms) = postSolution
		{30B6788C-A4B3-4E4A-B73F-4C96E36CE4F7}.Debug|Any CPU.ActiveCfg = Debug|Any CPU
		{30B6788C-A4B3-4E4A-B73F-4C96E36CE4F7}.Debug|Any CPU.Build.0 = Debug|Any CPU
		{30B6788C-A4B3-4E4A-B73F-4C96E36CE4F7}.Debug|ARM.ActiveCfg = Debug|Any CPU
		{30B6788C-A4B3-4E4A-B73F-4C96E36CE4F7}.Debug|ARM.Build.0 = Debug|Any CPU
		{30B6788C-A4B3-4E4A-B73F-4C96E36CE4F7}.Debug|ARM64.ActiveCfg = Debug|Any CPU
		{30B6788C-A4B3-4E4A-B73F-4C96E36CE4F7}.Debug|ARM64.Build.0 = Debug|Any CPU
		{30B6788C-A4B3-4E4A-B73F-4C96E36CE4F7}.Debug|x64.ActiveCfg = Debug|Any CPU
		{30B6788C-A4B3-4E4A-B73F-4C96E36CE4F7}.Debug|x64.Build.0 = Debug|Any CPU
		{30B6788C-A4B3-4E4A-B73F-4C96E36CE4F7}.Debug|x86.ActiveCfg = Debug|Any CPU
		{30B6788C-A4B3-4E4A-B73F-4C96E36CE4F7}.Debug|x86.Build.0 = Debug|Any CPU
		{30B6788C-A4B3-4E4A-B73F-4C96E36CE4F7}.Release|Any CPU.ActiveCfg = Release|Any CPU
		{30B6788C-A4B3-4E4A-B73F-4C96E36CE4F7}.Release|Any CPU.Build.0 = Release|Any CPU
		{30B6788C-A4B3-4E4A-B73F-4C96E36CE4F7}.Release|ARM.ActiveCfg = Release|Any CPU
		{30B6788C-A4B3-4E4A-B73F-4C96E36CE4F7}.Release|ARM.Build.0 = Release|Any CPU
		{30B6788C-A4B3-4E4A-B73F-4C96E36CE4F7}.Release|ARM64.ActiveCfg = Release|Any CPU
		{30B6788C-A4B3-4E4A-B73F-4C96E36CE4F7}.Release|ARM64.Build.0 = Release|Any CPU
		{30B6788C-A4B3-4E4A-B73F-4C96E36CE4F7}.Release|x64.ActiveCfg = Release|Any CPU
		{30B6788C-A4B3-4E4A-B73F-4C96E36CE4F7}.Release|x64.Build.0 = Release|Any CPU
		{30B6788C-A4B3-4E4A-B73F-4C96E36CE4F7}.Release|x86.ActiveCfg = Release|Any CPU
		{30B6788C-A4B3-4E4A-B73F-4C96E36CE4F7}.Release|x86.Build.0 = Release|Any CPU
		{E4033101-18B3-4BDF-9758-96C03874C529}.Debug|Any CPU.ActiveCfg = Debug
		{E4033101-18B3-4BDF-9758-96C03874C529}.Debug|ARM.ActiveCfg = Debug
		{E4033101-18B3-4BDF-9758-96C03874C529}.Debug|ARM.Build.0 = Debug
		{E4033101-18B3-4BDF-9758-96C03874C529}.Debug|ARM64.ActiveCfg = Debug
		{E4033101-18B3-4BDF-9758-96C03874C529}.Debug|ARM64.Build.0 = Debug
		{E4033101-18B3-4BDF-9758-96C03874C529}.Debug|x64.ActiveCfg = Debug
		{E4033101-18B3-4BDF-9758-96C03874C529}.Debug|x64.Build.0 = Debug
		{E4033101-18B3-4BDF-9758-96C03874C529}.Debug|x86.ActiveCfg = Debug
		{E4033101-18B3-4BDF-9758-96C03874C529}.Debug|x86.Build.0 = Debug
		{E4033101-18B3-4BDF-9758-96C03874C529}.Release|Any CPU.ActiveCfg = Release
		{E4033101-18B3-4BDF-9758-96C03874C529}.Release|ARM.ActiveCfg = Release
		{E4033101-18B3-4BDF-9758-96C03874C529}.Release|ARM.Build.0 = Release
		{E4033101-18B3-4BDF-9758-96C03874C529}.Release|ARM64.ActiveCfg = Release
		{E4033101-18B3-4BDF-9758-96C03874C529}.Release|ARM64.Build.0 = Release
		{E4033101-18B3-4BDF-9758-96C03874C529}.Release|x64.ActiveCfg = Release
		{E4033101-18B3-4BDF-9758-96C03874C529}.Release|x64.Build.0 = Release
		{E4033101-18B3-4BDF-9758-96C03874C529}.Release|x86.ActiveCfg = Release
		{E4033101-18B3-4BDF-9758-96C03874C529}.Release|x86.Build.0 = Release
	EndGlobalSection
	GlobalSection(SolutionProperties) = preSolution
		HideSolutionNode = FALSE
	EndGlobalSection
	GlobalSection(ExtensibilityGlobals) = postSolution
		SolutionGuid = {0E718320-6390-44D3-9A1C-E3D0CA1E49C5}
	EndGlobalSection
EndGlobal
